// !$*UTF8*$!
{
	archiveVersion = 1;
	classes = {
	};
	objectVersion = 46;
	objects = {

/* Begin PBXBuildFile section */
		6AC9F2461DC6774B0086A471 /* AppDelegate.swift in Sources */ = {isa = PBXBuildFile; fileRef = 6AC9F2451DC6774B0086A471 /* AppDelegate.swift */; };
		6AC9F2481DC6774B0086A471 /* ViewController.swift in Sources */ = {isa = PBXBuildFile; fileRef = 6AC9F2471DC6774B0086A471 /* ViewController.swift */; };
		6AC9F24B1DC6774B0086A471 /* Main.storyboard in Resources */ = {isa = PBXBuildFile; fileRef = 6AC9F2491DC6774B0086A471 /* Main.storyboard */; };
		6AC9F24D1DC6774B0086A471 /* Assets.xcassets in Resources */ = {isa = PBXBuildFile; fileRef = 6AC9F24C1DC6774B0086A471 /* Assets.xcassets */; };
		6AC9F2501DC6774B0086A471 /* LaunchScreen.storyboard in Resources */ = {isa = PBXBuildFile; fileRef = 6AC9F24E1DC6774B0086A471 /* LaunchScreen.storyboard */; };
		6AC9F25B1DC6774B0086A471 /* MTDAppTests.swift in Sources */ = {isa = PBXBuildFile; fileRef = 6AC9F25A1DC6774B0086A471 /* MTDAppTests.swift */; };
		6AC9F2661DC6774C0086A471 /* MTDAppUITests.swift in Sources */ = {isa = PBXBuildFile; fileRef = 6AC9F2651DC6774C0086A471 /* MTDAppUITests.swift */; };
		C153D3481E5CEC0800488FEF /* Mower.jpg in Resources */ = {isa = PBXBuildFile; fileRef = C153D3471E5CEC0800488FEF /* Mower.jpg */; };
		C1C1FAF01E677B64001302DF /* troy-bilt.png in Resources */ = {isa = PBXBuildFile; fileRef = C1C1FAEF1E677B64001302DF /* troy-bilt.png */; };
		C1C1FAF21E677BA2001302DF /* Grass.png in Resources */ = {isa = PBXBuildFile; fileRef = C1C1FAF11E677BA2001302DF /* Grass.png */; };
		C1F7419A1E9D006A00ACBF43 /* MowerDataController.swift in Sources */ = {isa = PBXBuildFile; fileRef = C1F741991E9D006A00ACBF43 /* MowerDataController.swift */; };
		EF3EB4531EB1565600161FBC /* MowerDataObject.swift in Sources */ = {isa = PBXBuildFile; fileRef = EF3EB4521EB1565600161FBC /* MowerDataObject.swift */; };
/* End PBXBuildFile section */

/* Begin PBXContainerItemProxy section */
		6AC9F2571DC6774B0086A471 /* PBXContainerItemProxy */ = {
			isa = PBXContainerItemProxy;
			containerPortal = 6AC9F23A1DC6774B0086A471 /* Project object */;
			proxyType = 1;
			remoteGlobalIDString = 6AC9F2411DC6774B0086A471;
			remoteInfo = MTDApp;
		};
		6AC9F2621DC6774C0086A471 /* PBXContainerItemProxy */ = {
			isa = PBXContainerItemProxy;
			containerPortal = 6AC9F23A1DC6774B0086A471 /* Project object */;
			proxyType = 1;
			remoteGlobalIDString = 6AC9F2411DC6774B0086A471;
			remoteInfo = MTDApp;
		};
/* End PBXContainerItemProxy section */

/* Begin PBXFileReference section */
		6AC9F2421DC6774B0086A471 /* MTDApp.app */ = {isa = PBXFileReference; explicitFileType = wrapper.application; includeInIndex = 0; path = MTDApp.app; sourceTree = BUILT_PRODUCTS_DIR; };
		6AC9F2451DC6774B0086A471 /* AppDelegate.swift */ = {isa = PBXFileReference; lastKnownFileType = sourcecode.swift; path = AppDelegate.swift; sourceTree = "<group>"; };
		6AC9F2471DC6774B0086A471 /* ViewController.swift */ = {isa = PBXFileReference; lastKnownFileType = sourcecode.swift; path = ViewController.swift; sourceTree = "<group>"; };
		6AC9F24A1DC6774B0086A471 /* Base */ = {isa = PBXFileReference; lastKnownFileType = file.storyboard; name = Base; path = Base.lproj/Main.storyboard; sourceTree = "<group>"; };
		6AC9F24C1DC6774B0086A471 /* Assets.xcassets */ = {isa = PBXFileReference; lastKnownFileType = folder.assetcatalog; path = Assets.xcassets; sourceTree = "<group>"; };
		6AC9F24F1DC6774B0086A471 /* Base */ = {isa = PBXFileReference; lastKnownFileType = file.storyboard; name = Base; path = Base.lproj/LaunchScreen.storyboard; sourceTree = "<group>"; };
		6AC9F2511DC6774B0086A471 /* Info.plist */ = {isa = PBXFileReference; lastKnownFileType = text.plist.xml; path = Info.plist; sourceTree = "<group>"; };
		6AC9F2561DC6774B0086A471 /* MTDAppTests.xctest */ = {isa = PBXFileReference; explicitFileType = wrapper.cfbundle; includeInIndex = 0; path = MTDAppTests.xctest; sourceTree = BUILT_PRODUCTS_DIR; };
		6AC9F25A1DC6774B0086A471 /* MTDAppTests.swift */ = {isa = PBXFileReference; lastKnownFileType = sourcecode.swift; path = MTDAppTests.swift; sourceTree = "<group>"; };
		6AC9F25C1DC6774B0086A471 /* Info.plist */ = {isa = PBXFileReference; lastKnownFileType = text.plist.xml; path = Info.plist; sourceTree = "<group>"; };
		6AC9F2611DC6774C0086A471 /* MTDAppUITests.xctest */ = {isa = PBXFileReference; explicitFileType = wrapper.cfbundle; includeInIndex = 0; path = MTDAppUITests.xctest; sourceTree = BUILT_PRODUCTS_DIR; };
		6AC9F2651DC6774C0086A471 /* MTDAppUITests.swift */ = {isa = PBXFileReference; lastKnownFileType = sourcecode.swift; path = MTDAppUITests.swift; sourceTree = "<group>"; };
		6AC9F2671DC6774C0086A471 /* Info.plist */ = {isa = PBXFileReference; lastKnownFileType = text.plist.xml; path = Info.plist; sourceTree = "<group>"; };
		C153D3471E5CEC0800488FEF /* Mower.jpg */ = {isa = PBXFileReference; lastKnownFileType = image.jpeg; name = Mower.jpg; path = ../Mower.jpg; sourceTree = "<group>"; };
		C1C1FAEF1E677B64001302DF /* troy-bilt.png */ = {isa = PBXFileReference; lastKnownFileType = image.png; path = "troy-bilt.png"; sourceTree = SOURCE_ROOT; };
		C1C1FAF11E677BA2001302DF /* Grass.png */ = {isa = PBXFileReference; lastKnownFileType = image.png; path = Grass.png; sourceTree = SOURCE_ROOT; };
		C1F741991E9D006A00ACBF43 /* MowerDataController.swift */ = {isa = PBXFileReference; fileEncoding = 4; lastKnownFileType = sourcecode.swift; path = MowerDataController.swift; sourceTree = "<group>"; };
		EF3EB4521EB1565600161FBC /* MowerDataObject.swift */ = {isa = PBXFileReference; fileEncoding = 4; lastKnownFileType = sourcecode.swift; path = MowerDataObject.swift; sourceTree = "<group>"; };
/* End PBXFileReference section */

/* Begin PBXFrameworksBuildPhase section */
		6AC9F23F1DC6774B0086A471 /* Frameworks */ = {
			isa = PBXFrameworksBuildPhase;
			buildActionMask = 2147483647;
			files = (
			);
			runOnlyForDeploymentPostprocessing = 0;
		};
		6AC9F2531DC6774B0086A471 /* Frameworks */ = {
			isa = PBXFrameworksBuildPhase;
			buildActionMask = 2147483647;
			files = (
			);
			runOnlyForDeploymentPostprocessing = 0;
		};
		6AC9F25E1DC6774C0086A471 /* Frameworks */ = {
			isa = PBXFrameworksBuildPhase;
			buildActionMask = 2147483647;
			files = (
			);
			runOnlyForDeploymentPostprocessing = 0;
		};
/* End PBXFrameworksBuildPhase section */

/* Begin PBXGroup section */
		6AC9F2391DC6774B0086A471 = {
			isa = PBXGroup;
			children = (
				6AC9F2441DC6774B0086A471 /* MTDApp */,
				6AC9F2591DC6774B0086A471 /* MTDAppTests */,
				6AC9F2641DC6774C0086A471 /* MTDAppUITests */,
				6AC9F2431DC6774B0086A471 /* Products */,
			);
			sourceTree = "<group>";
		};
		6AC9F2431DC6774B0086A471 /* Products */ = {
			isa = PBXGroup;
			children = (
				6AC9F2421DC6774B0086A471 /* MTDApp.app */,
				6AC9F2561DC6774B0086A471 /* MTDAppTests.xctest */,
				6AC9F2611DC6774C0086A471 /* MTDAppUITests.xctest */,
			);
			name = Products;
			sourceTree = "<group>";
		};
		6AC9F2441DC6774B0086A471 /* MTDApp */ = {
			isa = PBXGroup;
			children = (
				C1C1FAF11E677BA2001302DF /* Grass.png */,
				C1C1FAEF1E677B64001302DF /* troy-bilt.png */,
				6AC9F2451DC6774B0086A471 /* AppDelegate.swift */,
				6AC9F2471DC6774B0086A471 /* ViewController.swift */,
				6AC9F2491DC6774B0086A471 /* Main.storyboard */,
				6AC9F24C1DC6774B0086A471 /* Assets.xcassets */,
				6AC9F24E1DC6774B0086A471 /* LaunchScreen.storyboard */,
				C1F741991E9D006A00ACBF43 /* MowerDataController.swift */,
				6AC9F2511DC6774B0086A471 /* Info.plist */,
				C153D3471E5CEC0800488FEF /* Mower.jpg */,
				EF3EB4521EB1565600161FBC /* MowerDataObject.swift */,
			);
			path = MTDApp;
			sourceTree = "<group>";
		};
		6AC9F2591DC6774B0086A471 /* MTDAppTests */ = {
			isa = PBXGroup;
			children = (
				6AC9F25A1DC6774B0086A471 /* MTDAppTests.swift */,
				6AC9F25C1DC6774B0086A471 /* Info.plist */,
			);
			path = MTDAppTests;
			sourceTree = "<group>";
		};
		6AC9F2641DC6774C0086A471 /* MTDAppUITests */ = {
			isa = PBXGroup;
			children = (
				6AC9F2651DC6774C0086A471 /* MTDAppUITests.swift */,
				6AC9F2671DC6774C0086A471 /* Info.plist */,
			);
			path = MTDAppUITests;
			sourceTree = "<group>";
		};
/* End PBXGroup section */

/* Begin PBXNativeTarget section */
		6AC9F2411DC6774B0086A471 /* MTDApp */ = {
			isa = PBXNativeTarget;
			buildConfigurationList = 6AC9F26A1DC6774C0086A471 /* Build configuration list for PBXNativeTarget "MTDApp" */;
			buildPhases = (
				6AC9F23E1DC6774B0086A471 /* Sources */,
				6AC9F23F1DC6774B0086A471 /* Frameworks */,
				6AC9F2401DC6774B0086A471 /* Resources */,
			);
			buildRules = (
			);
			dependencies = (
			);
			name = MTDApp;
			productName = MTDApp;
			productReference = 6AC9F2421DC6774B0086A471 /* MTDApp.app */;
			productType = "com.apple.product-type.application";
		};
		6AC9F2551DC6774B0086A471 /* MTDAppTests */ = {
			isa = PBXNativeTarget;
			buildConfigurationList = 6AC9F26D1DC6774C0086A471 /* Build configuration list for PBXNativeTarget "MTDAppTests" */;
			buildPhases = (
				6AC9F2521DC6774B0086A471 /* Sources */,
				6AC9F2531DC6774B0086A471 /* Frameworks */,
				6AC9F2541DC6774B0086A471 /* Resources */,
			);
			buildRules = (
			);
			dependencies = (
				6AC9F2581DC6774B0086A471 /* PBXTargetDependency */,
			);
			name = MTDAppTests;
			productName = MTDAppTests;
			productReference = 6AC9F2561DC6774B0086A471 /* MTDAppTests.xctest */;
			productType = "com.apple.product-type.bundle.unit-test";
		};
		6AC9F2601DC6774C0086A471 /* MTDAppUITests */ = {
			isa = PBXNativeTarget;
			buildConfigurationList = 6AC9F2701DC6774C0086A471 /* Build configuration list for PBXNativeTarget "MTDAppUITests" */;
			buildPhases = (
				6AC9F25D1DC6774C0086A471 /* Sources */,
				6AC9F25E1DC6774C0086A471 /* Frameworks */,
				6AC9F25F1DC6774C0086A471 /* Resources */,
			);
			buildRules = (
			);
			dependencies = (
				6AC9F2631DC6774C0086A471 /* PBXTargetDependency */,
			);
			name = MTDAppUITests;
			productName = MTDAppUITests;
			productReference = 6AC9F2611DC6774C0086A471 /* MTDAppUITests.xctest */;
			productType = "com.apple.product-type.bundle.ui-testing";
		};
/* End PBXNativeTarget section */

/* Begin PBXProject section */
		6AC9F23A1DC6774B0086A471 /* Project object */ = {
			isa = PBXProject;
			attributes = {
				LastSwiftUpdateCheck = 0800;
				LastUpgradeCheck = 0800;
				ORGANIZATIONNAME = MTDGroup;
				TargetAttributes = {
					6AC9F2411DC6774B0086A471 = {
						CreatedOnToolsVersion = 8.0;
						DevelopmentTeam = VXSQAPK7Q5;
						ProvisioningStyle = Automatic;
					};
					6AC9F2551DC6774B0086A471 = {
						CreatedOnToolsVersion = 8.0;
						ProvisioningStyle = Automatic;
						TestTargetID = 6AC9F2411DC6774B0086A471;
					};
					6AC9F2601DC6774C0086A471 = {
						CreatedOnToolsVersion = 8.0;
						ProvisioningStyle = Automatic;
						TestTargetID = 6AC9F2411DC6774B0086A471;
					};
				};
			};
			buildConfigurationList = 6AC9F23D1DC6774B0086A471 /* Build configuration list for PBXProject "MTDApp" */;
			compatibilityVersion = "Xcode 3.2";
			developmentRegion = English;
			hasScannedForEncodings = 0;
			knownRegions = (
				en,
				Base,
			);
			mainGroup = 6AC9F2391DC6774B0086A471;
			productRefGroup = 6AC9F2431DC6774B0086A471 /* Products */;
			projectDirPath = "";
			projectRoot = "";
			targets = (
				6AC9F2411DC6774B0086A471 /* MTDApp */,
				6AC9F2551DC6774B0086A471 /* MTDAppTests */,
				6AC9F2601DC6774C0086A471 /* MTDAppUITests */,
			);
		};
/* End PBXProject section */

/* Begin PBXResourcesBuildPhase section */
		6AC9F2401DC6774B0086A471 /* Resources */ = {
			isa = PBXResourcesBuildPhase;
			buildActionMask = 2147483647;
			files = (
				6AC9F2501DC6774B0086A471 /* LaunchScreen.storyboard in Resources */,
				6AC9F24D1DC6774B0086A471 /* Assets.xcassets in Resources */,
				6AC9F24B1DC6774B0086A471 /* Main.storyboard in Resources */,
				C1C1FAF21E677BA2001302DF /* Grass.png in Resources */,
				C1C1FAF01E677B64001302DF /* troy-bilt.png in Resources */,
				C153D3481E5CEC0800488FEF /* Mower.jpg in Resources */,
			);
			runOnlyForDeploymentPostprocessing = 0;
		};
		6AC9F2541DC6774B0086A471 /* Resources */ = {
			isa = PBXResourcesBuildPhase;
			buildActionMask = 2147483647;
			files = (
			);
			runOnlyForDeploymentPostprocessing = 0;
		};
		6AC9F25F1DC6774C0086A471 /* Resources */ = {
			isa = PBXResourcesBuildPhase;
			buildActionMask = 2147483647;
			files = (
			);
			runOnlyForDeploymentPostprocessing = 0;
		};
/* End PBXResourcesBuildPhase section */

/* Begin PBXSourcesBuildPhase section */
		6AC9F23E1DC6774B0086A471 /* Sources */ = {
			isa = PBXSourcesBuildPhase;
			buildActionMask = 2147483647;
			files = (
				6AC9F2481DC6774B0086A471 /* ViewController.swift in Sources */,
				C1F7419A1E9D006A00ACBF43 /* MowerDataController.swift in Sources */,
				6AC9F2461DC6774B0086A471 /* AppDelegate.swift in Sources */,
				EF3EB4531EB1565600161FBC /* MowerDataObject.swift in Sources */,
			);
			runOnlyForDeploymentPostprocessing = 0;
		};
		6AC9F2521DC6774B0086A471 /* Sources */ = {
			isa = PBXSourcesBuildPhase;
			buildActionMask = 2147483647;
			files = (
				6AC9F25B1DC6774B0086A471 /* MTDAppTests.swift in Sources */,
			);
			runOnlyForDeploymentPostprocessing = 0;
		};
		6AC9F25D1DC6774C0086A471 /* Sources */ = {
			isa = PBXSourcesBuildPhase;
			buildActionMask = 2147483647;
			files = (
				6AC9F2661DC6774C0086A471 /* MTDAppUITests.swift in Sources */,
			);
			runOnlyForDeploymentPostprocessing = 0;
		};
/* End PBXSourcesBuildPhase section */

/* Begin PBXTargetDependency section */
		6AC9F2581DC6774B0086A471 /* PBXTargetDependency */ = {
			isa = PBXTargetDependency;
			target = 6AC9F2411DC6774B0086A471 /* MTDApp */;
			targetProxy = 6AC9F2571DC6774B0086A471 /* PBXContainerItemProxy */;
		};
		6AC9F2631DC6774C0086A471 /* PBXTargetDependency */ = {
			isa = PBXTargetDependency;
			target = 6AC9F2411DC6774B0086A471 /* MTDApp */;
			targetProxy = 6AC9F2621DC6774C0086A471 /* PBXContainerItemProxy */;
		};
/* End PBXTargetDependency section */

/* Begin PBXVariantGroup section */
		6AC9F2491DC6774B0086A471 /* Main.storyboard */ = {
			isa = PBXVariantGroup;
			children = (
				6AC9F24A1DC6774B0086A471 /* Base */,
			);
			name = Main.storyboard;
			sourceTree = "<group>";
		};
		6AC9F24E1DC6774B0086A471 /* LaunchScreen.storyboard */ = {
			isa = PBXVariantGroup;
			children = (
				6AC9F24F1DC6774B0086A471 /* Base */,
			);
			name = LaunchScreen.storyboard;
			sourceTree = "<group>";
		};
/* End PBXVariantGroup section */

/* Begin XCBuildConfiguration section */
		6AC9F2681DC6774C0086A471 /* Debug */ = {
			isa = XCBuildConfiguration;
			buildSettings = {
				ALWAYS_SEARCH_USER_PATHS = NO;
				CLANG_ANALYZER_NONNULL = YES;
				CLANG_CXX_LANGUAGE_STANDARD = "gnu++0x";
				CLANG_CXX_LIBRARY = "libc++";
				CLANG_ENABLE_MODULES = YES;
				CLANG_ENABLE_OBJC_ARC = YES;
				CLANG_WARN_BOOL_CONVERSION = YES;
				CLANG_WARN_CONSTANT_CONVERSION = YES;
				CLANG_WARN_DIRECT_OBJC_ISA_USAGE = YES_ERROR;
				CLANG_WARN_DOCUMENTATION_COMMENTS = YES;
				CLANG_WARN_EMPTY_BODY = YES;
				CLANG_WARN_ENUM_CONVERSION = YES;
				CLANG_WARN_INFINITE_RECURSION = YES;
				CLANG_WARN_INT_CONVERSION = YES;
				CLANG_WARN_OBJC_ROOT_CLASS = YES_ERROR;
				CLANG_WARN_SUSPICIOUS_MOVES = YES;
				CLANG_WARN_UNREACHABLE_CODE = YES;
				CLANG_WARN__DUPLICATE_METHOD_MATCH = YES;
				CODE_SIGN_IDENTITY = "iPhone Developer";
				"CODE_SIGN_IDENTITY[sdk=iphoneos*]" = "iPhone Developer";
				COPY_PHASE_STRIP = NO;
				DEBUG_INFORMATION_FORMAT = dwarf;
				ENABLE_STRICT_OBJC_MSGSEND = YES;
				ENABLE_TESTABILITY = YES;
				GCC_C_LANGUAGE_STANDARD = gnu99;
				GCC_DYNAMIC_NO_PIC = NO;
				GCC_NO_COMMON_BLOCKS = YES;
				GCC_OPTIMIZATION_LEVEL = 0;
				GCC_PREPROCESSOR_DEFINITIONS = (
					"DEBUG=1",
					"$(inherited)",
				);
				GCC_WARN_64_TO_32_BIT_CONVERSION = YES;
				GCC_WARN_ABOUT_RETURN_TYPE = YES_ERROR;
				GCC_WARN_UNDECLARED_SELECTOR = YES;
				GCC_WARN_UNINITIALIZED_AUTOS = YES_AGGRESSIVE;
				GCC_WARN_UNUSED_FUNCTION = YES;
				GCC_WARN_UNUSED_VARIABLE = YES;
				IPHONEOS_DEPLOYMENT_TARGET = 10.2;
				MTL_ENABLE_DEBUG_INFO = YES;
				ONLY_ACTIVE_ARCH = YES;
				SDKROOT = iphoneos;
				SWIFT_ACTIVE_COMPILATION_CONDITIONS = DEBUG;
				SWIFT_OPTIMIZATION_LEVEL = "-Onone";
				TARGETED_DEVICE_FAMILY = "1,2";
			};
			name = Debug;
		};
		6AC9F2691DC6774C0086A471 /* Release */ = {
			isa = XCBuildConfiguration;
			buildSettings = {
				ALWAYS_SEARCH_USER_PATHS = NO;
				CLANG_ANALYZER_NONNULL = YES;
				CLANG_CXX_LANGUAGE_STANDARD = "gnu++0x";
				CLANG_CXX_LIBRARY = "libc++";
				CLANG_ENABLE_MODULES = YES;
				CLANG_ENABLE_OBJC_ARC = YES;
				CLANG_WARN_BOOL_CONVERSION = YES;
				CLANG_WARN_CONSTANT_CONVERSION = YES;
				CLANG_WARN_DIRECT_OBJC_ISA_USAGE = YES_ERROR;
				CLANG_WARN_DOCUMENTATION_COMMENTS = YES;
				CLANG_WARN_EMPTY_BODY = YES;
				CLANG_WARN_ENUM_CONVERSION = YES;
				CLANG_WARN_INFINITE_RECURSION = YES;
				CLANG_WARN_INT_CONVERSION = YES;
				CLANG_WARN_OBJC_ROOT_CLASS = YES_ERROR;
				CLANG_WARN_SUSPICIOUS_MOVES = YES;
				CLANG_WARN_UNREACHABLE_CODE = YES;
				CLANG_WARN__DUPLICATE_METHOD_MATCH = YES;
				CODE_SIGN_IDENTITY = "iPhone Developer";
				"CODE_SIGN_IDENTITY[sdk=iphoneos*]" = "iPhone Developer";
				COPY_PHASE_STRIP = NO;
				DEBUG_INFORMATION_FORMAT = "dwarf-with-dsym";
				ENABLE_NS_ASSERTIONS = NO;
				ENABLE_STRICT_OBJC_MSGSEND = YES;
				GCC_C_LANGUAGE_STANDARD = gnu99;
				GCC_NO_COMMON_BLOCKS = YES;
				GCC_WARN_64_TO_32_BIT_CONVERSION = YES;
				GCC_WARN_ABOUT_RETURN_TYPE = YES_ERROR;
				GCC_WARN_UNDECLARED_SELECTOR = YES;
				GCC_WARN_UNINITIALIZED_AUTOS = YES_AGGRESSIVE;
				GCC_WARN_UNUSED_FUNCTION = YES;
				GCC_WARN_UNUSED_VARIABLE = YES;
				IPHONEOS_DEPLOYMENT_TARGET = 10.2;
				MTL_ENABLE_DEBUG_INFO = NO;
				SDKROOT = iphoneos;
				SWIFT_OPTIMIZATION_LEVEL = "-Owholemodule";
				TARGETED_DEVICE_FAMILY = "1,2";
				VALIDATE_PRODUCT = YES;
			};
			name = Release;
		};
		6AC9F26B1DC6774C0086A471 /* Debug */ = {
			isa = XCBuildConfiguration;
			buildSettings = {
				ASSETCATALOG_COMPILER_APPICON_NAME = AppIcon;
				CODE_SIGN_IDENTITY = "iPhone Developer";
				"CODE_SIGN_IDENTITY[sdk=iphoneos*]" = "iPhone Developer";
				DEVELOPMENT_TEAM = VXSQAPK7Q5;
				INFOPLIST_FILE = MTDApp/Info.plist;
				LD_RUNPATH_SEARCH_PATHS = "$(inherited) @executable_path/Frameworks";
				PRODUCT_BUNDLE_IDENTIFIER = MTD.MTDApp;
				PRODUCT_NAME = "$(TARGET_NAME)";
				PROVISIONING_PROFILE = "";
				PROVISIONING_PROFILE_SPECIFIER = "";
				SDKROOT = iphoneos;
				SWIFT_VERSION = 3.0;
			};
			name = Debug;
		};
		6AC9F26C1DC6774C0086A471 /* Release */ = {
			isa = XCBuildConfiguration;
			buildSettings = {
				ASSETCATALOG_COMPILER_APPICON_NAME = AppIcon;
				CODE_SIGN_IDENTITY = "iPhone Developer";
				"CODE_SIGN_IDENTITY[sdk=iphoneos*]" = "iPhone Developer";
				DEVELOPMENT_TEAM = VXSQAPK7Q5;
				INFOPLIST_FILE = MTDApp/Info.plist;
				LD_RUNPATH_SEARCH_PATHS = "$(inherited) @executable_path/Frameworks";
				PRODUCT_BUNDLE_IDENTIFIER = MTD.MTDApp;
				PRODUCT_NAME = "$(TARGET_NAME)";
				PROVISIONING_PROFILE = "";
				PROVISIONING_PROFILE_SPECIFIER = "";
				SDKROOT = iphoneos;
				SWIFT_VERSION = 3.0;
			};
			name = Release;
		};
		6AC9F26E1DC6774C0086A471 /* Debug */ = {
			isa = XCBuildConfiguration;
			buildSettings = {
				ALWAYS_EMBED_SWIFT_STANDARD_LIBRARIES = YES;
				BUNDLE_LOADER = "$(TEST_HOST)";
				INFOPLIST_FILE = MTDAppTests/Info.plist;
				LD_RUNPATH_SEARCH_PATHS = "$(inherited) @executable_path/Frameworks @loader_path/Frameworks";
				PRODUCT_BUNDLE_IDENTIFIER = MTD.MTDAppTests;
				PRODUCT_NAME = "$(TARGET_NAME)";
				SWIFT_VERSION = 3.0;
				TEST_HOST = "$(BUILT_PRODUCTS_DIR)/MTDApp.app/MTDApp";
			};
			name = Debug;
		};
		6AC9F26F1DC6774C0086A471 /* Release */ = {
			isa = XCBuildConfiguration;
			buildSettings = {
				ALWAYS_EMBED_SWIFT_STANDARD_LIBRARIES = YES;
				BUNDLE_LOADER = "$(TEST_HOST)";
				INFOPLIST_FILE = MTDAppTests/Info.plist;
				LD_RUNPATH_SEARCH_PATHS = "$(inherited) @executable_path/Frameworks @loader_path/Frameworks";
				PRODUCT_BUNDLE_IDENTIFIER = MTD.MTDAppTests;
				PRODUCT_NAME = "$(TARGET_NAME)";
				SWIFT_VERSION = 3.0;
				TEST_HOST = "$(BUILT_PRODUCTS_DIR)/MTDApp.app/MTDApp";
			};
			name = Release;
		};
		6AC9F2711DC6774C0086A471 /* Debug */ = {
			isa = XCBuildConfiguration;
			buildSettings = {
				ALWAYS_EMBED_SWIFT_STANDARD_LIBRARIES = YES;
				INFOPLIST_FILE = MTDAppUITests/Info.plist;
				LD_RUNPATH_SEARCH_PATHS = "$(inherited) @executable_path/Frameworks @loader_path/Frameworks";
				PRODUCT_BUNDLE_IDENTIFIER = MTD.MTDAppUITests;
				PRODUCT_NAME = "$(TARGET_NAME)";
				SWIFT_VERSION = 3.0;
				TEST_TARGET_NAME = MTDApp;
			};
			name = Debug;
		};
		6AC9F2721DC6774C0086A471 /* Release */ = {
			isa = XCBuildConfiguration;
			buildSettings = {
				ALWAYS_EMBED_SWIFT_STANDARD_LIBRARIES = YES;
				INFOPLIST_FILE = MTDAppUITests/Info.plist;
				LD_RUNPATH_SEARCH_PATHS = "$(inherited) @executable_path/Frameworks @loader_path/Frameworks";
				PRODUCT_BUNDLE_IDENTIFIER = MTD.MTDAppUITests;
				PRODUCT_NAME = "$(TARGET_NAME)";
				SWIFT_VERSION = 3.0;
				TEST_TARGET_NAME = MTDApp;
			};
			name = Release;
		};
/* End XCBuildConfiguration section */

/* Begin XCConfigurationList section */
		6AC9F23D1DC6774B0086A471 /* Build configuration list for PBXProject "MTDApp" */ = {
			isa = XCConfigurationList;
			buildConfigurations = (
				6AC9F2681DC6774C0086A471 /* Debug */,
				6AC9F2691DC6774C0086A471 /* Release */,
			);
			defaultConfigurationIsVisible = 0;
			defaultConfigurationName = Release;
		};
		6AC9F26A1DC6774C0086A471 /* Build configuration list for PBXNativeTarget "MTDApp" */ = {
			isa = XCConfigurationList;
			buildConfigurations = (
				6AC9F26B1DC6774C0086A471 /* Debug */,
				6AC9F26C1DC6774C0086A471 /* Release */,
			);
			defaultConfigurationIsVisible = 0;
			defaultConfigurationName = Release;
		};
		6AC9F26D1DC6774C0086A471 /* Build configuration list for PBXNativeTarget "MTDAppTests" */ = {
			isa = XCConfigurationList;
			buildConfigurations = (
				6AC9F26E1DC6774C0086A471 /* Debug */,
				6AC9F26F1DC6774C0086A471 /* Release */,
			);
			defaultConfigurationIsVisible = 0;
			defaultConfigurationName = Release;
		};
		6AC9F2701DC6774C0086A471 /* Build configuration list for PBXNativeTarget "MTDAppUITests" */ = {
			isa = XCConfigurationList;
			buildConfigurations = (
				6AC9F2711DC6774C0086A471 /* Debug */,
				6AC9F2721DC6774C0086A471 /* Release */,
			);
			defaultConfigurationIsVisible = 0;
			defaultConfigurationName = Release;
		};
/* End XCConfigurationList section */
	};
	rootObject = 6AC9F23A1DC6774B0086A471 /* Project object */;
}
